
Microsoft Visual Studio Solution File, Format Version 12.00
# Visual Studio Version 16
VisualStudioVersion = 16.0.30517.126
MinimumVisualStudioVersion = 10.0.40219.1
Project("{8BC9CEB8-8B4A-11D0-8D11-00A0C91BC942}") = "Lab1", "lab1\lab1.vcxproj", "{0176887C-8945-47BE-8BCF-AFF021B93341}"
EndProject
Project("{8BC9CEB8-8B4A-11D0-8D11-00A0C91BC942}") = "Lab2", "Lab2\Lab2.vcxproj", "{5B054BBB-22B2-43F4-8299-1E8419A3F983}"
EndProject
Project("{8BC9CEB8-8B4A-11D0-8D11-00A0C91BC942}") = "Lab2_1", "Lab2_1\Lab2_1.vcxproj", "{5BA09B16-D280-4225-B0A4-0AA6B8E752E6}"
EndProject
Project("{8BC9CEB8-8B4A-11D0-8D11-00A0C91BC942}") = "Lab2_2", "Lab2_2\Lab2_2.vcxproj", "{70C08CAD-E327-4C5A-B099-BAB198696D97}"
EndProject
Project("{8BC9CEB8-8B4A-11D0-8D11-00A0C91BC942}") = "Lab3", "Lab3\Lab3.vcxproj", "{1E5411DA-0DE4-491C-990E-259150A83CEE}"
EndProject
Project("{8BC9CEB8-8B4A-11D0-8D11-00A0C91BC942}") = "Lab3_1", "Lab3_1\Lab3_1.vcxproj", "{1A0ACB3F-25D7-497C-BA83-450B40659F64}"
EndProject
Project("{8BC9CEB8-8B4A-11D0-8D11-00A0C91BC942}") = "Lab4", "Lab4\Lab4.vcxproj", "{5214A15F-8CF7-493E-9C44-D637CED97A40}"
EndProject
Project("{8BC9CEB8-8B4A-11D0-8D11-00A0C91BC942}") = "Lab4_1", "Lab4_1\Lab4_1.vcxproj", "{F12535F5-755C-45EE-AEB2-38FC80493815}"
EndProject
Project("{8BC9CEB8-8B4A-11D0-8D11-00A0C91BC942}") = "Lab5", "Lab5\Lab5.vcxproj", "{2372FA6B-F459-4CB0-B613-7FADE869E84C}"
EndProject
Project("{8BC9CEB8-8B4A-11D0-8D11-00A0C91BC942}") = "Lab5_1", "Lab5_1\Lab5_1.vcxproj", "{D1969F68-C692-4DB7-B3FD-FD84C9482569}"
EndProject
Project("{8BC9CEB8-8B4A-11D0-8D11-00A0C91BC942}") = "Lab6", "Lab6\Lab6.vcxproj", "{C2822C41-5724-471B-B08E-B1B80DE4210B}"
EndProject
Project("{8BC9CEB8-8B4A-11D0-8D11-00A0C91BC942}") = "W15Ex", "W15Ex\W15Ex.vcxproj", "{E4806DB9-2DE6-475B-B612-610F362429A1}"
EndProject
Project("{8BC9CEB8-8B4A-11D0-8D11-00A0C91BC942}") = "Lab7", "Lab7\Lab7.vcxproj", "{BAAF9254-64DB-42E2-8258-2B8DFD7D4954}"
EndProject
Project("{8BC9CEB8-8B4A-11D0-8D11-00A0C91BC942}") = "Lab7_1", "Lab7_1\Lab7_1.vcxproj", "{7EA15CDA-22EA-4FFB-A2CF-03F080FD40E6}"
EndProject
Project("{8BC9CEB8-8B4A-11D0-8D11-00A0C91BC942}") = "Lab7_2", "Lab7_2\Lab7_2.vcxproj", "{4C3CA7EF-FE45-4104-B03D-E1AAF674D7FA}"
EndProject
Project("{8BC9CEB8-8B4A-11D0-8D11-00A0C91BC942}") = "Lab8", "Lab8\Lab8.vcxproj", "{413F1DB9-50EC-4FB5-82E3-EECF3B5A92F3}"
EndProject
Global
	GlobalSection(SolutionConfigurationPlatforms) = preSolution
		Debug|x64 = Debug|x64
		Debug|x86 = Debug|x86
		Release|x64 = Release|x64
		Release|x86 = Release|x86
	EndGlobalSection
	GlobalSection(ProjectConfigurationPlatforms) = postSolution
		{0176887C-8945-47BE-8BCF-AFF021B93341}.Debug|x64.ActiveCfg = Debug|x64
		{0176887C-8945-47BE-8BCF-AFF021B93341}.Debug|x64.Build.0 = Debug|x64
		{0176887C-8945-47BE-8BCF-AFF021B93341}.Debug|x86.ActiveCfg = Debug|Win32
		{0176887C-8945-47BE-8BCF-AFF021B93341}.Debug|x86.Build.0 = Debug|Win32
		{0176887C-8945-47BE-8BCF-AFF021B93341}.Release|x64.ActiveCfg = Release|x64
		{0176887C-8945-47BE-8BCF-AFF021B93341}.Release|x64.Build.0 = Release|x64
		{0176887C-8945-47BE-8BCF-AFF021B93341}.Release|x86.ActiveCfg = Release|Win32
		{0176887C-8945-47BE-8BCF-AFF021B93341}.Release|x86.Build.0 = Release|Win32
		{5B054BBB-22B2-43F4-8299-1E8419A3F983}.Debug|x64.ActiveCfg = Debug|x64
		{5B054BBB-22B2-43F4-8299-1E8419A3F983}.Debug|x64.Build.0 = Debug|x64
		{5B054BBB-22B2-43F4-8299-1E8419A3F983}.Debug|x86.ActiveCfg = Debug|Win32
		{5B054BBB-22B2-43F4-8299-1E8419A3F983}.Debug|x86.Build.0 = Debug|Win32
		{5B054BBB-22B2-43F4-8299-1E8419A3F983}.Release|x64.ActiveCfg = Release|x64
		{5B054BBB-22B2-43F4-8299-1E8419A3F983}.Release|x64.Build.0 = Release|x64
		{5B054BBB-22B2-43F4-8299-1E8419A3F983}.Release|x86.ActiveCfg = Release|Win32
		{5B054BBB-22B2-43F4-8299-1E8419A3F983}.Release|x86.Build.0 = Release|Win32
		{5BA09B16-D280-4225-B0A4-0AA6B8E752E6}.Debug|x64.ActiveCfg = Debug|x64
		{5BA09B16-D280-4225-B0A4-0AA6B8E752E6}.Debug|x64.Build.0 = Debug|x64
		{5BA09B16-D280-4225-B0A4-0AA6B8E752E6}.Debug|x86.ActiveCfg = Debug|Win32
		{5BA09B16-D280-4225-B0A4-0AA6B8E752E6}.Debug|x86.Build.0 = Debug|Win32
		{5BA09B16-D280-4225-B0A4-0AA6B8E752E6}.Release|x64.ActiveCfg = Release|x64
		{5BA09B16-D280-4225-B0A4-0AA6B8E752E6}.Release|x64.Build.0 = Release|x64
		{5BA09B16-D280-4225-B0A4-0AA6B8E752E6}.Release|x86.ActiveCfg = Release|Win32
		{5BA09B16-D280-4225-B0A4-0AA6B8E752E6}.Release|x86.Build.0 = Release|Win32
		{70C08CAD-E327-4C5A-B099-BAB198696D97}.Debug|x64.ActiveCfg = Debug|x64
		{70C08CAD-E327-4C5A-B099-BAB198696D97}.Debug|x64.Build.0 = Debug|x64
		{70C08CAD-E327-4C5A-B099-BAB198696D97}.Debug|x86.ActiveCfg = Debug|Win32
		{70C08CAD-E327-4C5A-B099-BAB198696D97}.Debug|x86.Build.0 = Debug|Win32
		{70C08CAD-E327-4C5A-B099-BAB198696D97}.Release|x64.ActiveCfg = Release|x64
		{70C08CAD-E327-4C5A-B099-BAB198696D97}.Release|x64.Build.0 = Release|x64
		{70C08CAD-E327-4C5A-B099-BAB198696D97}.Release|x86.ActiveCfg = Release|Win32
		{70C08CAD-E327-4C5A-B099-BAB198696D97}.Release|x86.Build.0 = Release|Win32
		{1E5411DA-0DE4-491C-990E-259150A83CEE}.Debug|x64.ActiveCfg = Debug|x64
		{1E5411DA-0DE4-491C-990E-259150A83CEE}.Debug|x64.Build.0 = Debug|x64
		{1E5411DA-0DE4-491C-990E-259150A83CEE}.Debug|x86.ActiveCfg = Debug|Win32
		{1E5411DA-0DE4-491C-990E-259150A83CEE}.Debug|x86.Build.0 = Debug|Win32
		{1E5411DA-0DE4-491C-990E-259150A83CEE}.Release|x64.ActiveCfg = Release|x64
		{1E5411DA-0DE4-491C-990E-259150A83CEE}.Release|x64.Build.0 = Release|x64
		{1E5411DA-0DE4-491C-990E-259150A83CEE}.Release|x86.ActiveCfg = Release|Win32
		{1E5411DA-0DE4-491C-990E-259150A83CEE}.Release|x86.Build.0 = Release|Win32
		{1A0ACB3F-25D7-497C-BA83-450B40659F64}.Debug|x64.ActiveCfg = Debug|x64
		{1A0ACB3F-25D7-497C-BA83-450B40659F64}.Debug|x64.Build.0 = Debug|x64
		{1A0ACB3F-25D7-497C-BA83-450B40659F64}.Debug|x86.ActiveCfg = Debug|Win32
		{1A0ACB3F-25D7-497C-BA83-450B40659F64}.Debug|x86.Build.0 = Debug|Win32
		{1A0ACB3F-25D7-497C-BA83-450B40659F64}.Release|x64.ActiveCfg = Release|x64
		{1A0ACB3F-25D7-497C-BA83-450B40659F64}.Release|x64.Build.0 = Release|x64
		{1A0ACB3F-25D7-497C-BA83-450B40659F64}.Release|x86.ActiveCfg = Release|Win32
		{1A0ACB3F-25D7-497C-BA83-450B40659F64}.Release|x86.Build.0 = Release|Win32
		{5214A15F-8CF7-493E-9C44-D637CED97A40}.Debug|x64.ActiveCfg = Debug|x64
		{5214A15F-8CF7-493E-9C44-D637CED97A40}.Debug|x64.Build.0 = Debug|x64
		{5214A15F-8CF7-493E-9C44-D637CED97A40}.Debug|x86.ActiveCfg = Debug|Win32
		{5214A15F-8CF7-493E-9C44-D637CED97A40}.Debug|x86.Build.0 = Debug|Win32
		{5214A15F-8CF7-493E-9C44-D637CED97A40}.Release|x64.ActiveCfg = Release|x64
		{5214A15F-8CF7-493E-9C44-D637CED97A40}.Release|x64.Build.0 = Release|x64
		{5214A15F-8CF7-493E-9C44-D637CED97A40}.Release|x86.ActiveCfg = Release|Win32
		{5214A15F-8CF7-493E-9C44-D637CED97A40}.Release|x86.Build.0 = Release|Win32
		{F12535F5-755C-45EE-AEB2-38FC80493815}.Debug|x64.ActiveCfg = Debug|x64
		{F12535F5-755C-45EE-AEB2-38FC80493815}.Debug|x64.Build.0 = Debug|x64
		{F12535F5-755C-45EE-AEB2-38FC80493815}.Debug|x86.ActiveCfg = Debug|Win32
		{F12535F5-755C-45EE-AEB2-38FC80493815}.Debug|x86.Build.0 = Debug|Win32
		{F12535F5-755C-45EE-AEB2-38FC80493815}.Release|x64.ActiveCfg = Release|x64
		{F12535F5-755C-45EE-AEB2-38FC80493815}.Release|x64.Build.0 = Release|x64
		{F12535F5-755C-45EE-AEB2-38FC80493815}.Release|x86.ActiveCfg = Release|Win32
		{F12535F5-755C-45EE-AEB2-38FC80493815}.Release|x86.Build.0 = Release|Win32
		{2372FA6B-F459-4CB0-B613-7FADE869E84C}.Debug|x64.ActiveCfg = Debug|x64
		{2372FA6B-F459-4CB0-B613-7FADE869E84C}.Debug|x64.Build.0 = Debug|x64
		{2372FA6B-F459-4CB0-B613-7FADE869E84C}.Debug|x86.ActiveCfg = Debug|Win32
		{2372FA6B-F459-4CB0-B613-7FADE869E84C}.Debug|x86.Build.0 = Debug|Win32
		{2372FA6B-F459-4CB0-B613-7FADE869E84C}.Release|x64.ActiveCfg = Release|x64
		{2372FA6B-F459-4CB0-B613-7FADE869E84C}.Release|x64.Build.0 = Release|x64
		{2372FA6B-F459-4CB0-B613-7FADE869E84C}.Release|x86.ActiveCfg = Release|Win32
		{2372FA6B-F459-4CB0-B613-7FADE869E84C}.Release|x86.Build.0 = Release|Win32
		{D1969F68-C692-4DB7-B3FD-FD84C9482569}.Debug|x64.ActiveCfg = Debug|x64
		{D1969F68-C692-4DB7-B3FD-FD84C9482569}.Debug|x64.Build.0 = Debug|x64
		{D1969F68-C692-4DB7-B3FD-FD84C9482569}.Debug|x86.ActiveCfg = Debug|Win32
		{D1969F68-C692-4DB7-B3FD-FD84C9482569}.Debug|x86.Build.0 = Debug|Win32
		{D1969F68-C692-4DB7-B3FD-FD84C9482569}.Release|x64.ActiveCfg = Release|x64
		{D1969F68-C692-4DB7-B3FD-FD84C9482569}.Release|x64.Build.0 = Release|x64
		{D1969F68-C692-4DB7-B3FD-FD84C9482569}.Release|x86.ActiveCfg = Release|Win32
		{D1969F68-C692-4DB7-B3FD-FD84C9482569}.Release|x86.Build.0 = Release|Win32
		{C2822C41-5724-471B-B08E-B1B80DE4210B}.Debug|x64.ActiveCfg = Debug|x64
		{C2822C41-5724-471B-B08E-B1B80DE4210B}.Debug|x64.Build.0 = Debug|x64
		{C2822C41-5724-471B-B08E-B1B80DE4210B}.Debug|x86.ActiveCfg = Debug|Win32
		{C2822C41-5724-471B-B08E-B1B80DE4210B}.Debug|x86.Build.0 = Debug|Win32
		{C2822C41-5724-471B-B08E-B1B80DE4210B}.Release|x64.ActiveCfg = Release|x64
		{C2822C41-5724-471B-B08E-B1B80DE4210B}.Release|x64.Build.0 = Release|x64
		{C2822C41-5724-471B-B08E-B1B80DE4210B}.Release|x86.ActiveCfg = Release|Win32
		{C2822C41-5724-471B-B08E-B1B80DE4210B}.Release|x86.Build.0 = Release|Win32
		{E4806DB9-2DE6-475B-B612-610F362429A1}.Debug|x64.ActiveCfg = Debug|x64
		{E4806DB9-2DE6-475B-B612-610F362429A1}.Debug|x64.Build.0 = Debug|x64
		{E4806DB9-2DE6-475B-B612-610F362429A1}.Debug|x86.ActiveCfg = Debug|Win32
		{E4806DB9-2DE6-475B-B612-610F362429A1}.Debug|x86.Build.0 = Debug|Win32
		{E4806DB9-2DE6-475B-B612-610F362429A1}.Release|x64.ActiveCfg = Release|x64
		{E4806DB9-2DE6-475B-B612-610F362429A1}.Release|x64.Build.0 = Release|x64
		{E4806DB9-2DE6-475B-B612-610F362429A1}.Release|x86.ActiveCfg = Release|Win32
		{E4806DB9-2DE6-475B-B612-610F362429A1}.Release|x86.Build.0 = Release|Win32
		{BAAF9254-64DB-42E2-8258-2B8DFD7D4954}.Debug|x64.ActiveCfg = Debug|x64
		{BAAF9254-64DB-42E2-8258-2B8DFD7D4954}.Debug|x64.Build.0 = Debug|x64
		{BAAF9254-64DB-42E2-8258-2B8DFD7D4954}.Debug|x86.ActiveCfg = Debug|Win32
		{BAAF9254-64DB-42E2-8258-2B8DFD7D4954}.Debug|x86.Build.0 = Debug|Win32
		{BAAF9254-64DB-42E2-8258-2B8DFD7D4954}.Release|x64.ActiveCfg = Release|x64
		{BAAF9254-64DB-42E2-8258-2B8DFD7D4954}.Release|x64.Build.0 = Release|x64
		{BAAF9254-64DB-42E2-8258-2B8DFD7D4954}.Release|x86.ActiveCfg = Release|Win32
		{BAAF9254-64DB-42E2-8258-2B8DFD7D4954}.Release|x86.Build.0 = Release|Win32
		{7EA15CDA-22EA-4FFB-A2CF-03F080FD40E6}.Debug|x64.ActiveCfg = Debug|x64
		{7EA15CDA-22EA-4FFB-A2CF-03F080FD40E6}.Debug|x64.Build.0 = Debug|x64
		{7EA15CDA-22EA-4FFB-A2CF-03F080FD40E6}.Debug|x86.ActiveCfg = Debug|Win32
		{7EA15CDA-22EA-4FFB-A2CF-03F080FD40E6}.Debug|x86.Build.0 = Debug|Win32
		{7EA15CDA-22EA-4FFB-A2CF-03F080FD40E6}.Release|x64.ActiveCfg = Release|x64
		{7EA15CDA-22EA-4FFB-A2CF-03F080FD40E6}.Release|x64.Build.0 = Release|x64
		{7EA15CDA-22EA-4FFB-A2CF-03F080FD40E6}.Release|x86.ActiveCfg = Release|Win32
		{7EA15CDA-22EA-4FFB-A2CF-03F080FD40E6}.Release|x86.Build.0 = Release|Win32
		{4C3CA7EF-FE45-4104-B03D-E1AAF674D7FA}.Debug|x64.ActiveCfg = Debug|x64
		{4C3CA7EF-FE45-4104-B03D-E1AAF674D7FA}.Debug|x64.Build.0 = Debug|x64
		{4C3CA7EF-FE45-4104-B03D-E1AAF674D7FA}.Debug|x86.ActiveCfg = Debug|Win32
		{4C3CA7EF-FE45-4104-B03D-E1AAF674D7FA}.Debug|x86.Build.0 = Debug|Win32
		{4C3CA7EF-FE45-4104-B03D-E1AAF674D7FA}.Release|x64.ActiveCfg = Release|x64
		{4C3CA7EF-FE45-4104-B03D-E1AAF674D7FA}.Release|x64.Build.0 = Release|x64
		{4C3CA7EF-FE45-4104-B03D-E1AAF674D7FA}.Release|x86.ActiveCfg = Release|Win32
		{4C3CA7EF-FE45-4104-B03D-E1AAF674D7FA}.Release|x86.Build.0 = Release|Win32
		{413F1DB9-50EC-4FB5-82E3-EECF3B5A92F3}.Debug|x64.ActiveCfg = Debug|x64
		{413F1DB9-50EC-4FB5-82E3-EECF3B5A92F3}.Debug|x64.Build.0 = Debug|x64
		{413F1DB9-50EC-4FB5-82E3-EECF3B5A92F3}.Debug|x86.ActiveCfg = Debug|Win32
		{413F1DB9-50EC-4FB5-82E3-EECF3B5A92F3}.Debug|x86.Build.0 = Debug|Win32
		{413F1DB9-50EC-4FB5-82E3-EECF3B5A92F3}.Release|x64.ActiveCfg = Release|x64
		{413F1DB9-50EC-4FB5-82E3-EECF3B5A92F3}.Release|x64.Build.0 = Release|x64
		{413F1DB9-50EC-4FB5-82E3-EECF3B5A92F3}.Release|x86.ActiveCfg = Release|Win32
		{413F1DB9-50EC-4FB5-82E3-EECF3B5A92F3}.Release|x86.Build.0 = Release|Win32
	EndGlobalSection
	GlobalSection(SolutionProperties) = preSolution
		HideSolutionNode = FALSE
	EndGlobalSection
	GlobalSection(ExtensibilityGlobals) = postSolution
		SolutionGuid = {2735D9A0-B98B-4841-91D7-0A5102535F04}
	EndGlobalSection
EndGlobal
